// !$*UTF8*$!
{
	archiveVersion = 1;
	classes = {
	};
	objectVersion = 48;
	objects = {

/* Begin PBXBuildFile section */
		F30B09591FBCF00900CF04F5 /* DataService.swift in Sources */ = {isa = PBXBuildFile; fileRef = F30B09581FBCF00900CF04F5 /* DataService.swift */; };
		F37093421FAF911E004BD9E6 /* Constants.swift in Sources */ = {isa = PBXBuildFile; fileRef = F37093411FAF911E004BD9E6 /* Constants.swift */; };
		F37093441FAF922E004BD9E6 /* RoundButton.swift in Sources */ = {isa = PBXBuildFile; fileRef = F37093431FAF922E004BD9E6 /* RoundButton.swift */; };
		F370934B1FAFCCDB004BD9E6 /* GoogleService-Info.plist in Resources */ = {isa = PBXBuildFile; fileRef = F370934A1FAFCCDA004BD9E6 /* GoogleService-Info.plist */; };
		F370934D1FB1F29E004BD9E6 /* FeedVC.swift in Sources */ = {isa = PBXBuildFile; fileRef = F370934C1FB1F29E004BD9E6 /* FeedVC.swift */; };
		F37093501FB22538004BD9E6 /* RoundedView.swift in Sources */ = {isa = PBXBuildFile; fileRef = F370934F1FB22538004BD9E6 /* RoundedView.swift */; };
		F37093541FB4B8E7004BD9E6 /* Assets.xcassets in Resources */ = {isa = PBXBuildFile; fileRef = F37093531FB4B8E7004BD9E6 /* Assets.xcassets */; };
		F37093561FB4C7F7004BD9E6 /* PostCell.swift in Sources */ = {isa = PBXBuildFile; fileRef = F37093551FB4C7F7004BD9E6 /* PostCell.swift */; };
		F37093581FB4CBEB004BD9E6 /* ShadowView.swift in Sources */ = {isa = PBXBuildFile; fileRef = F37093571FB4CBEB004BD9E6 /* ShadowView.swift */; };
		F370935A1FB4CCCB004BD9E6 /* CircleView.swift in Sources */ = {isa = PBXBuildFile; fileRef = F37093591FB4CCCB004BD9E6 /* CircleView.swift */; };
		F38022F51F8CF2E900799CB1 /* AppDelegate.swift in Sources */ = {isa = PBXBuildFile; fileRef = F38022F41F8CF2E900799CB1 /* AppDelegate.swift */; };
		F38022F71F8CF2E900799CB1 /* SignInVC.swift in Sources */ = {isa = PBXBuildFile; fileRef = F38022F61F8CF2E900799CB1 /* SignInVC.swift */; };
		F38022FA1F8CF2E900799CB1 /* Main.storyboard in Resources */ = {isa = PBXBuildFile; fileRef = F38022F81F8CF2E900799CB1 /* Main.storyboard */; };
		F38022FD1F8CF2E900799CB1 /* FireSocialApp.xcdatamodeld in Sources */ = {isa = PBXBuildFile; fileRef = F38022FB1F8CF2E900799CB1 /* FireSocialApp.xcdatamodeld */; };
		F38023021F8CF2E900799CB1 /* LaunchScreen.storyboard in Resources */ = {isa = PBXBuildFile; fileRef = F38023001F8CF2E900799CB1 /* LaunchScreen.storyboard */; };
		F7E1DD93D6194A81F2C654D9 /* Pods_FireSocialApp.framework in Frameworks */ = {isa = PBXBuildFile; fileRef = B63BA14E07710BB39CFBBFF6 /* Pods_FireSocialApp.framework */; };
/* End PBXBuildFile section */

/* Begin PBXFileReference section */
		3E17339EF6E6E683939508D6 /* Pods-FireSocialApp.release.xcconfig */ = {isa = PBXFileReference; includeInIndex = 1; lastKnownFileType = text.xcconfig; name = "Pods-FireSocialApp.release.xcconfig"; path = "Pods/Target Support Files/Pods-FireSocialApp/Pods-FireSocialApp.release.xcconfig"; sourceTree = "<group>"; };
		4155960BB8D323C9A65AA2FA /* Pods-FireSocialApp.debug.xcconfig */ = {isa = PBXFileReference; includeInIndex = 1; lastKnownFileType = text.xcconfig; name = "Pods-FireSocialApp.debug.xcconfig"; path = "Pods/Target Support Files/Pods-FireSocialApp/Pods-FireSocialApp.debug.xcconfig"; sourceTree = "<group>"; };
		B63BA14E07710BB39CFBBFF6 /* Pods_FireSocialApp.framework */ = {isa = PBXFileReference; explicitFileType = wrapper.framework; includeInIndex = 0; path = Pods_FireSocialApp.framework; sourceTree = BUILT_PRODUCTS_DIR; };
		F30B09581FBCF00900CF04F5 /* DataService.swift */ = {isa = PBXFileReference; lastKnownFileType = sourcecode.swift; path = DataService.swift; sourceTree = "<group>"; };
		F37093411FAF911E004BD9E6 /* Constants.swift */ = {isa = PBXFileReference; lastKnownFileType = sourcecode.swift; path = Constants.swift; sourceTree = "<group>"; };
		F37093431FAF922E004BD9E6 /* RoundButton.swift */ = {isa = PBXFileReference; lastKnownFileType = sourcecode.swift; path = RoundButton.swift; sourceTree = "<group>"; };
		F37093491FAFCC31004BD9E6 /* FireSocialApp.entitlements */ = {isa = PBXFileReference; lastKnownFileType = text.plist.entitlements; path = FireSocialApp.entitlements; sourceTree = "<group>"; };
		F370934A1FAFCCDA004BD9E6 /* GoogleService-Info.plist */ = {isa = PBXFileReference; fileEncoding = 4; lastKnownFileType = text.plist.xml; path = "GoogleService-Info.plist"; sourceTree = "<group>"; };
		F370934C1FB1F29E004BD9E6 /* FeedVC.swift */ = {isa = PBXFileReference; lastKnownFileType = sourcecode.swift; path = FeedVC.swift; sourceTree = "<group>"; };
		F370934F1FB22538004BD9E6 /* RoundedView.swift */ = {isa = PBXFileReference; lastKnownFileType = sourcecode.swift; path = RoundedView.swift; sourceTree = "<group>"; };
		F37093531FB4B8E7004BD9E6 /* Assets.xcassets */ = {isa = PBXFileReference; lastKnownFileType = folder.assetcatalog; path = Assets.xcassets; sourceTree = "<group>"; };
		F37093551FB4C7F7004BD9E6 /* PostCell.swift */ = {isa = PBXFileReference; lastKnownFileType = sourcecode.swift; path = PostCell.swift; sourceTree = "<group>"; };
		F37093571FB4CBEB004BD9E6 /* ShadowView.swift */ = {isa = PBXFileReference; lastKnownFileType = sourcecode.swift; path = ShadowView.swift; sourceTree = "<group>"; };
		F37093591FB4CCCB004BD9E6 /* CircleView.swift */ = {isa = PBXFileReference; lastKnownFileType = sourcecode.swift; path = CircleView.swift; sourceTree = "<group>"; };
		F38022F11F8CF2E900799CB1 /* FireSocialApp.app */ = {isa = PBXFileReference; explicitFileType = wrapper.application; includeInIndex = 0; path = FireSocialApp.app; sourceTree = BUILT_PRODUCTS_DIR; };
		F38022F41F8CF2E900799CB1 /* AppDelegate.swift */ = {isa = PBXFileReference; lastKnownFileType = sourcecode.swift; path = AppDelegate.swift; sourceTree = "<group>"; };
		F38022F61F8CF2E900799CB1 /* SignInVC.swift */ = {isa = PBXFileReference; lastKnownFileType = sourcecode.swift; path = SignInVC.swift; sourceTree = "<group>"; };
		F38022F91F8CF2E900799CB1 /* Base */ = {isa = PBXFileReference; lastKnownFileType = file.storyboard; name = Base; path = Base.lproj/Main.storyboard; sourceTree = "<group>"; };
		F38022FC1F8CF2E900799CB1 /* FireSocialApp.xcdatamodel */ = {isa = PBXFileReference; lastKnownFileType = wrapper.xcdatamodel; path = FireSocialApp.xcdatamodel; sourceTree = "<group>"; };
		F38023011F8CF2E900799CB1 /* Base */ = {isa = PBXFileReference; lastKnownFileType = file.storyboard; name = Base; path = Base.lproj/LaunchScreen.storyboard; sourceTree = "<group>"; };
		F38023031F8CF2E900799CB1 /* Info.plist */ = {isa = PBXFileReference; lastKnownFileType = text.plist.xml; path = Info.plist; sourceTree = "<group>"; };
/* End PBXFileReference section */

/* Begin PBXFrameworksBuildPhase section */
		F38022EE1F8CF2E900799CB1 /* Frameworks */ = {
			isa = PBXFrameworksBuildPhase;
			buildActionMask = 2147483647;
			files = (
				F7E1DD93D6194A81F2C654D9 /* Pods_FireSocialApp.framework in Frameworks */,
			);
			runOnlyForDeploymentPostprocessing = 0;
		};
/* End PBXFrameworksBuildPhase section */

/* Begin PBXGroup section */
		2D642A5E5557B96DECD8835B /* Frameworks */ = {
			isa = PBXGroup;
			children = (
				B63BA14E07710BB39CFBBFF6 /* Pods_FireSocialApp.framework */,
			);
			name = Frameworks;
			sourceTree = "<group>";
		};
		7CABA43F6B99692FE39CB60C /* Pods */ = {
			isa = PBXGroup;
			children = (
				4155960BB8D323C9A65AA2FA /* Pods-FireSocialApp.debug.xcconfig */,
				3E17339EF6E6E683939508D6 /* Pods-FireSocialApp.release.xcconfig */,
			);
			name = Pods;
			sourceTree = "<group>";
		};
		F30B09571FBCEFF300CF04F5 /* Service */ = {
			isa = PBXGroup;
			children = (
				F30B09581FBCF00900CF04F5 /* DataService.swift */,
			);
			path = Service;
			sourceTree = "<group>";
		};
		F370933C1FAF8F21004BD9E6 /* View */ = {
			isa = PBXGroup;
			children = (
				F37093431FAF922E004BD9E6 /* RoundButton.swift */,
				F370934F1FB22538004BD9E6 /* RoundedView.swift */,
				F37093551FB4C7F7004BD9E6 /* PostCell.swift */,
				F37093571FB4CBEB004BD9E6 /* ShadowView.swift */,
				F37093591FB4CCCB004BD9E6 /* CircleView.swift */,
			);
			path = View;
			sourceTree = "<group>";
		};
		F370933D1FAF8F26004BD9E6 /* Model */ = {
			isa = PBXGroup;
			children = (
			);
			path = Model;
			sourceTree = "<group>";
		};
		F37093401FAF910F004BD9E6 /* Util */ = {
			isa = PBXGroup;
			children = (
				F37093411FAF911E004BD9E6 /* Constants.swift */,
			);
			path = Util;
			sourceTree = "<group>";
		};
		F38022E81F8CF2E900799CB1 = {
			isa = PBXGroup;
			children = (
				F38022F31F8CF2E900799CB1 /* FireSocialApp */,
				F38022F21F8CF2E900799CB1 /* Products */,
				7CABA43F6B99692FE39CB60C /* Pods */,
				2D642A5E5557B96DECD8835B /* Frameworks */,
			);
			sourceTree = "<group>";
		};
		F38022F21F8CF2E900799CB1 /* Products */ = {
			isa = PBXGroup;
			children = (
				F38022F11F8CF2E900799CB1 /* FireSocialApp.app */,
			);
			name = Products;
			sourceTree = "<group>";
		};
		F38022F31F8CF2E900799CB1 /* FireSocialApp */ = {
			isa = PBXGroup;
			children = (
				F37093491FAFCC31004BD9E6 /* FireSocialApp.entitlements */,
				F30B09571FBCEFF300CF04F5 /* Service */,
				F37093401FAF910F004BD9E6 /* Util */,
				F370933D1FAF8F26004BD9E6 /* Model */,
				F370933C1FAF8F21004BD9E6 /* View */,
				F3F749C31F8D0C7E0007C1AF /* Controller */,
				F38022F41F8CF2E900799CB1 /* AppDelegate.swift */,
				F37093531FB4B8E7004BD9E6 /* Assets.xcassets */,
				F38022F81F8CF2E900799CB1 /* Main.storyboard */,
				F38023001F8CF2E900799CB1 /* LaunchScreen.storyboard */,
				F38023031F8CF2E900799CB1 /* Info.plist */,
				F370934A1FAFCCDA004BD9E6 /* GoogleService-Info.plist */,
				F38022FB1F8CF2E900799CB1 /* FireSocialApp.xcdatamodeld */,
			);
			path = FireSocialApp;
			sourceTree = "<group>";
		};
		F3F749C31F8D0C7E0007C1AF /* Controller */ = {
			isa = PBXGroup;
			children = (
				F38022F61F8CF2E900799CB1 /* SignInVC.swift */,
				F370934C1FB1F29E004BD9E6 /* FeedVC.swift */,
			);
			path = Controller;
			sourceTree = "<group>";
		};
/* End PBXGroup section */

/* Begin PBXNativeTarget section */
		F38022F01F8CF2E900799CB1 /* FireSocialApp */ = {
			isa = PBXNativeTarget;
			buildConfigurationList = F38023061F8CF2E900799CB1 /* Build configuration list for PBXNativeTarget "FireSocialApp" */;
			buildPhases = (
				6E811237F5038FA1A4F17C44 /* [CP] Check Pods Manifest.lock */,
				F38022ED1F8CF2E900799CB1 /* Sources */,
				F38022EE1F8CF2E900799CB1 /* Frameworks */,
				F38022EF1F8CF2E900799CB1 /* Resources */,
				3B51C7F0F25F06578C5304F9 /* [CP] Embed Pods Frameworks */,
				A6E4BDBC04E6BDBEE3035084 /* [CP] Copy Pods Resources */,
			);
			buildRules = (
			);
			dependencies = (
			);
			name = FireSocialApp;
			productName = FireSocialApp;
			productReference = F38022F11F8CF2E900799CB1 /* FireSocialApp.app */;
			productType = "com.apple.product-type.application";
		};
/* End PBXNativeTarget section */

/* Begin PBXProject section */
		F38022E91F8CF2E900799CB1 /* Project object */ = {
			isa = PBXProject;
			attributes = {
				LastSwiftUpdateCheck = 0900;
				LastUpgradeCheck = 0900;
				ORGANIZATIONNAME = "Suciu Radu";
				TargetAttributes = {
					F38022F01F8CF2E900799CB1 = {
						CreatedOnToolsVersion = 9.0;
						ProvisioningStyle = Automatic;
						SystemCapabilities = {
							com.apple.Keychain = {
								enabled = 0;
							};
						};
					};
				};
			};
			buildConfigurationList = F38022EC1F8CF2E900799CB1 /* Build configuration list for PBXProject "FireSocialApp" */;
			compatibilityVersion = "Xcode 8.0";
			developmentRegion = en;
			hasScannedForEncodings = 0;
			knownRegions = (
				en,
				Base,
			);
			mainGroup = F38022E81F8CF2E900799CB1;
			productRefGroup = F38022F21F8CF2E900799CB1 /* Products */;
			projectDirPath = "";
			projectRoot = "";
			targets = (
				F38022F01F8CF2E900799CB1 /* FireSocialApp */,
			);
		};
/* End PBXProject section */

/* Begin PBXResourcesBuildPhase section */
		F38022EF1F8CF2E900799CB1 /* Resources */ = {
			isa = PBXResourcesBuildPhase;
			buildActionMask = 2147483647;
			files = (
				F370934B1FAFCCDB004BD9E6 /* GoogleService-Info.plist in Resources */,
				F38023021F8CF2E900799CB1 /* LaunchScreen.storyboard in Resources */,
				F37093541FB4B8E7004BD9E6 /* Assets.xcassets in Resources */,
				F38022FA1F8CF2E900799CB1 /* Main.storyboard in Resources */,
			);
			runOnlyForDeploymentPostprocessing = 0;
		};
/* End PBXResourcesBuildPhase section */

/* Begin PBXShellScriptBuildPhase section */
		3B51C7F0F25F06578C5304F9 /* [CP] Embed Pods Frameworks */ = {
			isa = PBXShellScriptBuildPhase;
			buildActionMask = 2147483647;
			files = (
			);
			inputPaths = (
				"${SRCROOT}/Pods/Target Support Files/Pods-FireSocialApp/Pods-FireSocialApp-frameworks.sh",
				"${BUILT_PRODUCTS_DIR}/Bolts/Bolts.framework",
				"${BUILT_PRODUCTS_DIR}/FBSDKCoreKit/FBSDKCoreKit.framework",
				"${BUILT_PRODUCTS_DIR}/FBSDKLoginKit/FBSDKLoginKit.framework",
				"${BUILT_PRODUCTS_DIR}/FBSDKShareKit/FBSDKShareKit.framework",
				"${BUILT_PRODUCTS_DIR}/FacebookCore/FacebookCore.framework",
				"${BUILT_PRODUCTS_DIR}/FacebookLogin/FacebookLogin.framework",
				"${BUILT_PRODUCTS_DIR}/GTMSessionFetcher/GTMSessionFetcher.framework",
				"${BUILT_PRODUCTS_DIR}/GoogleToolboxForMac/GoogleToolboxForMac.framework",
				"${BUILT_PRODUCTS_DIR}/Pastel/Pastel.framework",
				"${BUILT_PRODUCTS_DIR}/SkyFloatingLabelTextField/SkyFloatingLabelTextField.framework",
				"${BUILT_PRODUCTS_DIR}/SwiftKeychainWrapper/SwiftKeychainWrapper.framework",
				"${BUILT_PRODUCTS_DIR}/leveldb-library/leveldb.framework",
				"${BUILT_PRODUCTS_DIR}/nanopb/nanopb.framework",
			);
			name = "[CP] Embed Pods Frameworks";
			outputPaths = (
				"${TARGET_BUILD_DIR}/${FRAMEWORKS_FOLDER_PATH}/Bolts.framework",
				"${TARGET_BUILD_DIR}/${FRAMEWORKS_FOLDER_PATH}/FBSDKCoreKit.framework",
				"${TARGET_BUILD_DIR}/${FRAMEWORKS_FOLDER_PATH}/FBSDKLoginKit.framework",
				"${TARGET_BUILD_DIR}/${FRAMEWORKS_FOLDER_PATH}/FBSDKShareKit.framework",
				"${TARGET_BUILD_DIR}/${FRAMEWORKS_FOLDER_PATH}/FacebookCore.framework",
				"${TARGET_BUILD_DIR}/${FRAMEWORKS_FOLDER_PATH}/FacebookLogin.framework",
				"${TARGET_BUILD_DIR}/${FRAMEWORKS_FOLDER_PATH}/GTMSessionFetcher.framework",
				"${TARGET_BUILD_DIR}/${FRAMEWORKS_FOLDER_PATH}/GoogleToolboxForMac.framework",
				"${TARGET_BUILD_DIR}/${FRAMEWORKS_FOLDER_PATH}/Pastel.framework",
				"${TARGET_BUILD_DIR}/${FRAMEWORKS_FOLDER_PATH}/SkyFloatingLabelTextField.framework",
				"${TARGET_BUILD_DIR}/${FRAMEWORKS_FOLDER_PATH}/SwiftKeychainWrapper.framework",
				"${TARGET_BUILD_DIR}/${FRAMEWORKS_FOLDER_PATH}/leveldb.framework",
				"${TARGET_BUILD_DIR}/${FRAMEWORKS_FOLDER_PATH}/nanopb.framework",
			);
			runOnlyForDeploymentPostprocessing = 0;
			shellPath = /bin/sh;
			shellScript = "\"${SRCROOT}/Pods/Target Support Files/Pods-FireSocialApp/Pods-FireSocialApp-frameworks.sh\"\n";
			showEnvVarsInLog = 0;
		};
		6E811237F5038FA1A4F17C44 /* [CP] Check Pods Manifest.lock */ = {
			isa = PBXShellScriptBuildPhase;
			buildActionMask = 2147483647;
			files = (
			);
			inputPaths = (
				"${PODS_PODFILE_DIR_PATH}/Podfile.lock",
				"${PODS_ROOT}/Manifest.lock",
			);
			name = "[CP] Check Pods Manifest.lock";
			outputPaths = (
				"$(DERIVED_FILE_DIR)/Pods-FireSocialApp-checkManifestLockResult.txt",
			);
			runOnlyForDeploymentPostprocessing = 0;
			shellPath = /bin/sh;
			shellScript = "diff \"${PODS_PODFILE_DIR_PATH}/Podfile.lock\" \"${PODS_ROOT}/Manifest.lock\" > /dev/null\nif [ $? != 0 ] ; then\n    # print error to STDERR\n    echo \"error: The sandbox is not in sync with the Podfile.lock. Run 'pod install' or update your CocoaPods installation.\" >&2\n    exit 1\nfi\n# This output is used by Xcode 'outputs' to avoid re-running this script phase.\necho \"SUCCESS\" > \"${SCRIPT_OUTPUT_FILE_0}\"\n";
			showEnvVarsInLog = 0;
		};
		A6E4BDBC04E6BDBEE3035084 /* [CP] Copy Pods Resources */ = {
			isa = PBXShellScriptBuildPhase;
			buildActionMask = 2147483647;
			files = (
			);
			inputPaths = (
			);
			name = "[CP] Copy Pods Resources";
			outputPaths = (
			);
			runOnlyForDeploymentPostprocessing = 0;
			shellPath = /bin/sh;
			shellScript = "\"${SRCROOT}/Pods/Target Support Files/Pods-FireSocialApp/Pods-FireSocialApp-resources.sh\"\n";
			showEnvVarsInLog = 0;
		};
/* End PBXShellScriptBuildPhase section */

/* Begin PBXSourcesBuildPhase section */
		F38022ED1F8CF2E900799CB1 /* Sources */ = {
			isa = PBXSourcesBuildPhase;
			buildActionMask = 2147483647;
			files = (
				F37093581FB4CBEB004BD9E6 /* ShadowView.swift in Sources */,
				F370934D1FB1F29E004BD9E6 /* FeedVC.swift in Sources */,
				F37093421FAF911E004BD9E6 /* Constants.swift in Sources */,
				F37093501FB22538004BD9E6 /* RoundedView.swift in Sources */,
				F37093441FAF922E004BD9E6 /* RoundButton.swift in Sources */,
				F30B09591FBCF00900CF04F5 /* DataService.swift in Sources */,
				F38022FD1F8CF2E900799CB1 /* FireSocialApp.xcdatamodeld in Sources */,
				F370935A1FB4CCCB004BD9E6 /* CircleView.swift in Sources */,
				F38022F71F8CF2E900799CB1 /* SignInVC.swift in Sources */,
				F38022F51F8CF2E900799CB1 /* AppDelegate.swift in Sources */,
				F37093561FB4C7F7004BD9E6 /* PostCell.swift in Sources */,
			);
			runOnlyForDeploymentPostprocessing = 0;
		};
/* End PBXSourcesBuildPhase section */

/* Begin PBXVariantGroup section */
		F38022F81F8CF2E900799CB1 /* Main.storyboard */ = {
			isa = PBXVariantGroup;
			children = (
				F38022F91F8CF2E900799CB1 /* Base */,
			);
			name = Main.storyboard;
			sourceTree = "<group>";
		};
		F38023001F8CF2E900799CB1 /* LaunchScreen.storyboard */ = {
			isa = PBXVariantGroup;
			children = (
				F38023011F8CF2E900799CB1 /* Base */,
			);
			name = LaunchScreen.storyboard;
			sourceTree = "<group>";
		};
/* End PBXVariantGroup section */

/* Begin XCBuildConfiguration section */
		F38023041F8CF2E900799CB1 /* Debug */ = {
			isa = XCBuildConfiguration;
			buildSettings = {
				ALWAYS_SEARCH_USER_PATHS = NO;
				CLANG_ANALYZER_NONNULL = YES;
				CLANG_ANALYZER_NUMBER_OBJECT_CONVERSION = YES_AGGRESSIVE;
				CLANG_CXX_LANGUAGE_STANDARD = "gnu++14";
				CLANG_CXX_LIBRARY = "libc++";
				CLANG_ENABLE_MODULES = YES;
				CLANG_ENABLE_OBJC_ARC = YES;
				CLANG_WARN_BLOCK_CAPTURE_AUTORELEASING = YES;
				CLANG_WARN_BOOL_CONVERSION = YES;
				CLANG_WARN_COMMA = YES;
				CLANG_WARN_CONSTANT_CONVERSION = YES;
				CLANG_WARN_DIRECT_OBJC_ISA_USAGE = YES_ERROR;
				CLANG_WARN_DOCUMENTATION_COMMENTS = YES;
				CLANG_WARN_EMPTY_BODY = YES;
				CLANG_WARN_ENUM_CONVERSION = YES;
				CLANG_WARN_INFINITE_RECURSION = YES;
				CLANG_WARN_INT_CONVERSION = YES;
				CLANG_WARN_NON_LITERAL_NULL_CONVERSION = YES;
				CLANG_WARN_OBJC_LITERAL_CONVERSION = YES;
				CLANG_WARN_OBJC_ROOT_CLASS = YES_ERROR;
				CLANG_WARN_RANGE_LOOP_ANALYSIS = YES;
				CLANG_WARN_STRICT_PROTOTYPES = YES;
				CLANG_WARN_SUSPICIOUS_MOVE = YES;
				CLANG_WARN_UNGUARDED_AVAILABILITY = YES_AGGRESSIVE;
				CLANG_WARN_UNREACHABLE_CODE = YES;
				CLANG_WARN__DUPLICATE_METHOD_MATCH = YES;
				CODE_SIGN_IDENTITY = "iPhone Developer";
				COPY_PHASE_STRIP = NO;
				DEBUG_INFORMATION_FORMAT = dwarf;
				ENABLE_STRICT_OBJC_MSGSEND = YES;
				ENABLE_TESTABILITY = YES;
				GCC_C_LANGUAGE_STANDARD = gnu11;
				GCC_DYNAMIC_NO_PIC = NO;
				GCC_NO_COMMON_BLOCKS = YES;
				GCC_OPTIMIZATION_LEVEL = 0;
				GCC_PREPROCESSOR_DEFINITIONS = (
					"DEBUG=1",
					"$(inherited)",
				);
				GCC_WARN_64_TO_32_BIT_CONVERSION = YES;
				GCC_WARN_ABOUT_RETURN_TYPE = YES_ERROR;
				GCC_WARN_UNDECLARED_SELECTOR = YES;
				GCC_WARN_UNINITIALIZED_AUTOS = YES_AGGRESSIVE;
				GCC_WARN_UNUSED_FUNCTION = YES;
				GCC_WARN_UNUSED_VARIABLE = YES;
				IPHONEOS_DEPLOYMENT_TARGET = 11.0;
				MTL_ENABLE_DEBUG_INFO = YES;
				ONLY_ACTIVE_ARCH = YES;
				SDKROOT = iphoneos;
				SWIFT_ACTIVE_COMPILATION_CONDITIONS = DEBUG;
				SWIFT_OPTIMIZATION_LEVEL = "-Onone";
			};
			name = Debug;
		};
		F38023051F8CF2E900799CB1 /* Release */ = {
			isa = XCBuildConfiguration;
			buildSettings = {
				ALWAYS_SEARCH_USER_PATHS = NO;
				CLANG_ANALYZER_NONNULL = YES;
				CLANG_ANALYZER_NUMBER_OBJECT_CONVERSION = YES_AGGRESSIVE;
				CLANG_CXX_LANGUAGE_STANDARD = "gnu++14";
				CLANG_CXX_LIBRARY = "libc++";
				CLANG_ENABLE_MODULES = YES;
				CLANG_ENABLE_OBJC_ARC = YES;
				CLANG_WARN_BLOCK_CAPTURE_AUTORELEASING = YES;
				CLANG_WARN_BOOL_CONVERSION = YES;
				CLANG_WARN_COMMA = YES;
				CLANG_WARN_CONSTANT_CONVERSION = YES;
				CLANG_WARN_DIRECT_OBJC_ISA_USAGE = YES_ERROR;
				CLANG_WARN_DOCUMENTATION_COMMENTS = YES;
				CLANG_WARN_EMPTY_BODY = YES;
				CLANG_WARN_ENUM_CONVERSION = YES;
				CLANG_WARN_INFINITE_RECURSION = YES;
				CLANG_WARN_INT_CONVERSION = YES;
				CLANG_WARN_NON_LITERAL_NULL_CONVERSION = YES;
				CLANG_WARN_OBJC_LITERAL_CONVERSION = YES;
				CLANG_WARN_OBJC_ROOT_CLASS = YES_ERROR;
				CLANG_WARN_RANGE_LOOP_ANALYSIS = YES;
				CLANG_WARN_STRICT_PROTOTYPES = YES;
				CLANG_WARN_SUSPICIOUS_MOVE = YES;
				CLANG_WARN_UNGUARDED_AVAILABILITY = YES_AGGRESSIVE;
				CLANG_WARN_UNREACHABLE_CODE = YES;
				CLANG_WARN__DUPLICATE_METHOD_MATCH = YES;
				CODE_SIGN_IDENTITY = "iPhone Developer";
				COPY_PHASE_STRIP = NO;
				DEBUG_INFORMATION_FORMAT = "dwarf-with-dsym";
				ENABLE_NS_ASSERTIONS = NO;
				ENABLE_STRICT_OBJC_MSGSEND = YES;
				GCC_C_LANGUAGE_STANDARD = gnu11;
				GCC_NO_COMMON_BLOCKS = YES;
				GCC_WARN_64_TO_32_BIT_CONVERSION = YES;
				GCC_WARN_ABOUT_RETURN_TYPE = YES_ERROR;
				GCC_WARN_UNDECLARED_SELECTOR = YES;
				GCC_WARN_UNINITIALIZED_AUTOS = YES_AGGRESSIVE;
				GCC_WARN_UNUSED_FUNCTION = YES;
				GCC_WARN_UNUSED_VARIABLE = YES;
				IPHONEOS_DEPLOYMENT_TARGET = 11.0;
				MTL_ENABLE_DEBUG_INFO = NO;
				SDKROOT = iphoneos;
				SWIFT_OPTIMIZATION_LEVEL = "-Owholemodule";
				VALIDATE_PRODUCT = YES;
			};
			name = Release;
		};
		F38023071F8CF2E900799CB1 /* Debug */ = {
			isa = XCBuildConfiguration;
			baseConfigurationReference = 4155960BB8D323C9A65AA2FA /* Pods-FireSocialApp.debug.xcconfig */;
			buildSettings = {
				ASSETCATALOG_COMPILER_APPICON_NAME = AppIcon;
				CODE_SIGN_STYLE = Automatic;
				DEVELOPMENT_TEAM = FBD8M855BP;
				FRAMEWORK_SEARCH_PATHS = (
					"$(inherited)",
					"$(PROJECT_DIR)",
				);
				INFOPLIST_FILE = FireSocialApp/Info.plist;
				LD_RUNPATH_SEARCH_PATHS = "$(inherited) @executable_path/Frameworks";
				PRODUCT_BUNDLE_IDENTIFIER = Radu.FireSocialApp;
				PRODUCT_NAME = "$(TARGET_NAME)";
				SWIFT_VERSION = 4.0;
				TARGETED_DEVICE_FAMILY = "1,2";
			};
			name = Debug;
		};
		F38023081F8CF2E900799CB1 /* Release */ = {
			isa = XCBuildConfiguration;
			baseConfigurationReference = 3E17339EF6E6E683939508D6 /* Pods-FireSocialApp.release.xcconfig */;
			buildSettings = {
				ASSETCATALOG_COMPILER_APPICON_NAME = AppIcon;
				CODE_SIGN_STYLE = Automatic;
				DEVELOPMENT_TEAM = FBD8M855BP;
				FRAMEWORK_SEARCH_PATHS = (
					"$(inherited)",
					"$(PROJECT_DIR)",
				);
				INFOPLIST_FILE = FireSocialApp/Info.plist;
				LD_RUNPATH_SEARCH_PATHS = "$(inherited) @executable_path/Frameworks";
				PRODUCT_BUNDLE_IDENTIFIER = Radu.FireSocialApp;
				PRODUCT_NAME = "$(TARGET_NAME)";
				SWIFT_VERSION = 4.0;
				TARGETED_DEVICE_FAMILY = "1,2";
			};
			name = Release;
		};
/* End XCBuildConfiguration section */

/* Begin XCConfigurationList section */
		F38022EC1F8CF2E900799CB1 /* Build configuration list for PBXProject "FireSocialApp" */ = {
			isa = XCConfigurationList;
			buildConfigurations = (
				F38023041F8CF2E900799CB1 /* Debug */,
				F38023051F8CF2E900799CB1 /* Release */,
			);
			defaultConfigurationIsVisible = 0;
			defaultConfigurationName = Release;
		};
		F38023061F8CF2E900799CB1 /* Build configuration list for PBXNativeTarget "FireSocialApp" */ = {
			isa = XCConfigurationList;
			buildConfigurations = (
				F38023071F8CF2E900799CB1 /* Debug */,
				F38023081F8CF2E900799CB1 /* Release */,
			);
			defaultConfigurationIsVisible = 0;
			defaultConfigurationName = Release;
		};
/* End XCConfigurationList section */

/* Begin XCVersionGroup section */
		F38022FB1F8CF2E900799CB1 /* FireSocialApp.xcdatamodeld */ = {
			isa = XCVersionGroup;
			children = (
				F38022FC1F8CF2E900799CB1 /* FireSocialApp.xcdatamodel */,
			);
			currentVersion = F38022FC1F8CF2E900799CB1 /* FireSocialApp.xcdatamodel */;
			path = FireSocialApp.xcdatamodeld;
			sourceTree = "<group>";
			versionGroupType = wrapper.xcdatamodel;
		};
/* End XCVersionGroup section */
	};
	rootObject = F38022E91F8CF2E900799CB1 /* Project object */;
}
